// !$*UTF8*$!
{
	archiveVersion = 1;
	classes = {
	};
	objectVersion = 50;
	objects = {

/* Begin PBXBuildFile section */
		4F4FA85E21549FB400148F47 /* AppDelegate.m in Sources */ = {isa = PBXBuildFile; fileRef = 4F4FA85D21549FB400148F47 /* AppDelegate.m */; };
		4F4FA86121549FB400148F47 /* ViewController.m in Sources */ = {isa = PBXBuildFile; fileRef = 4F4FA86021549FB400148F47 /* ViewController.m */; };
		4F4FA86421549FB400148F47 /* Main.storyboard in Resources */ = {isa = PBXBuildFile; fileRef = 4F4FA86221549FB400148F47 /* Main.storyboard */; };
		4F4FA86621549FB600148F47 /* Assets.xcassets in Resources */ = {isa = PBXBuildFile; fileRef = 4F4FA86521549FB600148F47 /* Assets.xcassets */; };
		4F4FA86921549FB600148F47 /* LaunchScreen.storyboard in Resources */ = {isa = PBXBuildFile; fileRef = 4F4FA86721549FB600148F47 /* LaunchScreen.storyboard */; };
		4F4FA86C21549FB600148F47 /* main.m in Sources */ = {isa = PBXBuildFile; fileRef = 4F4FA86B21549FB600148F47 /* main.m */; };
		4F4FA87621549FB600148F47 /* FFExtensionTests.m in Sources */ = {isa = PBXBuildFile; fileRef = 4F4FA87521549FB600148F47 /* FFExtensionTests.m */; };
		4F4FA88121549FB600148F47 /* FFExtensionUITests.m in Sources */ = {isa = PBXBuildFile; fileRef = 4F4FA88021549FB600148F47 /* FFExtensionUITests.m */; };
		4F4FA89121549FF800148F47 /* FFManager.m in Sources */ = {isa = PBXBuildFile; fileRef = 4F4FA89021549FF800148F47 /* FFManager.m */; };
		4F4FA8972154BDF800148F47 /* NSObject+FFExtension.m in Sources */ = {isa = PBXBuildFile; fileRef = 4F4FA8962154BDF800148F47 /* NSObject+FFExtension.m */; };
		4F4FA89A2154BE3200148F47 /* NSString+FFExtension.m in Sources */ = {isa = PBXBuildFile; fileRef = 4F4FA8992154BE3200148F47 /* NSString+FFExtension.m */; };
		4F4FA89D2154BE4100148F47 /* NSArray+FFExtension.m in Sources */ = {isa = PBXBuildFile; fileRef = 4F4FA89C2154BE4100148F47 /* NSArray+FFExtension.m */; };
		4F4FA8A02154BE4D00148F47 /* NSDictionary+FFExtension.m in Sources */ = {isa = PBXBuildFile; fileRef = 4F4FA89F2154BE4D00148F47 /* NSDictionary+FFExtension.m */; };
		4F4FA8A32154CF0A00148F47 /* NSObject+methodSwizzle.m in Sources */ = {isa = PBXBuildFile; fileRef = 4F4FA8A22154CF0A00148F47 /* NSObject+methodSwizzle.m */; };
		4F4FA8A62154D86500148F47 /* SSZTestObject.m in Sources */ = {isa = PBXBuildFile; fileRef = 4F4FA8A52154D86500148F47 /* SSZTestObject.m */; };
		4F58AF4D215B862B00DEA3B2 /* FFExceptionProxy.m in Sources */ = {isa = PBXBuildFile; fileRef = 4F58AF4C215B862B00DEA3B2 /* FFExceptionProxy.m */; };
		4F6E878A215A37EF00117AA5 /* NSSet+FFExtension.m in Sources */ = {isa = PBXBuildFile; fileRef = 4F6E8789215A37EF00117AA5 /* NSSet+FFExtension.m */; };
		4F6E878D215A3AC700117AA5 /* NSUserDefaults+FFExtension.m in Sources */ = {isa = PBXBuildFile; fileRef = 4F6E878C215A3AC700117AA5 /* NSUserDefaults+FFExtension.m */; };
		4F6E8790215A43AB00117AA5 /* NSCache+FFExtension.m in Sources */ = {isa = PBXBuildFile; fileRef = 4F6E878F215A43AB00117AA5 /* NSCache+FFExtension.m */; };
		4F7E44D42159130200170BA7 /* NSData+FFExtension.m in Sources */ = {isa = PBXBuildFile; fileRef = 4F7E44D32159130200170BA7 /* NSData+FFExtension.m */; };
		4FA323D021719CDE00C4C1AD /* NSAttributedString+FFExtension.m in Sources */ = {isa = PBXBuildFile; fileRef = 4FA323CF21719CDE00C4C1AD /* NSAttributedString+FFExtension.m */; };
/* End PBXBuildFile section */

/* Begin PBXContainerItemProxy section */
		4F4FA87221549FB600148F47 /* PBXContainerItemProxy */ = {
			isa = PBXContainerItemProxy;
			containerPortal = 4F4FA85121549FB400148F47 /* Project object */;
			proxyType = 1;
			remoteGlobalIDString = 4F4FA85821549FB400148F47;
			remoteInfo = FFExtension;
		};
		4F4FA87D21549FB600148F47 /* PBXContainerItemProxy */ = {
			isa = PBXContainerItemProxy;
			containerPortal = 4F4FA85121549FB400148F47 /* Project object */;
			proxyType = 1;
			remoteGlobalIDString = 4F4FA85821549FB400148F47;
			remoteInfo = FFExtension;
		};
/* End PBXContainerItemProxy section */

/* Begin PBXFileReference section */
		4F4FA85921549FB400148F47 /* FFExtension.app */ = {isa = PBXFileReference; explicitFileType = wrapper.application; includeInIndex = 0; path = FFExtension.app; sourceTree = BUILT_PRODUCTS_DIR; };
		4F4FA85C21549FB400148F47 /* AppDelegate.h */ = {isa = PBXFileReference; lastKnownFileType = sourcecode.c.h; path = AppDelegate.h; sourceTree = "<group>"; };
		4F4FA85D21549FB400148F47 /* AppDelegate.m */ = {isa = PBXFileReference; lastKnownFileType = sourcecode.c.objc; path = AppDelegate.m; sourceTree = "<group>"; };
		4F4FA85F21549FB400148F47 /* ViewController.h */ = {isa = PBXFileReference; lastKnownFileType = sourcecode.c.h; path = ViewController.h; sourceTree = "<group>"; };
		4F4FA86021549FB400148F47 /* ViewController.m */ = {isa = PBXFileReference; lastKnownFileType = sourcecode.c.objc; path = ViewController.m; sourceTree = "<group>"; };
		4F4FA86321549FB400148F47 /* Base */ = {isa = PBXFileReference; lastKnownFileType = file.storyboard; name = Base; path = Base.lproj/Main.storyboard; sourceTree = "<group>"; };
		4F4FA86521549FB600148F47 /* Assets.xcassets */ = {isa = PBXFileReference; lastKnownFileType = folder.assetcatalog; path = Assets.xcassets; sourceTree = "<group>"; };
		4F4FA86821549FB600148F47 /* Base */ = {isa = PBXFileReference; lastKnownFileType = file.storyboard; name = Base; path = Base.lproj/LaunchScreen.storyboard; sourceTree = "<group>"; };
		4F4FA86A21549FB600148F47 /* Info.plist */ = {isa = PBXFileReference; lastKnownFileType = text.plist.xml; path = Info.plist; sourceTree = "<group>"; };
		4F4FA86B21549FB600148F47 /* main.m */ = {isa = PBXFileReference; lastKnownFileType = sourcecode.c.objc; path = main.m; sourceTree = "<group>"; };
		4F4FA87121549FB600148F47 /* FFExtensionTests.xctest */ = {isa = PBXFileReference; explicitFileType = wrapper.cfbundle; includeInIndex = 0; path = FFExtensionTests.xctest; sourceTree = BUILT_PRODUCTS_DIR; };
		4F4FA87521549FB600148F47 /* FFExtensionTests.m */ = {isa = PBXFileReference; lastKnownFileType = sourcecode.c.objc; path = FFExtensionTests.m; sourceTree = "<group>"; };
		4F4FA87721549FB600148F47 /* Info.plist */ = {isa = PBXFileReference; lastKnownFileType = text.plist.xml; path = Info.plist; sourceTree = "<group>"; };
		4F4FA87C21549FB600148F47 /* FFExtensionUITests.xctest */ = {isa = PBXFileReference; explicitFileType = wrapper.cfbundle; includeInIndex = 0; path = FFExtensionUITests.xctest; sourceTree = BUILT_PRODUCTS_DIR; };
		4F4FA88021549FB600148F47 /* FFExtensionUITests.m */ = {isa = PBXFileReference; lastKnownFileType = sourcecode.c.objc; path = FFExtensionUITests.m; sourceTree = "<group>"; };
		4F4FA88221549FB600148F47 /* Info.plist */ = {isa = PBXFileReference; lastKnownFileType = text.plist.xml; path = Info.plist; sourceTree = "<group>"; };
		4F4FA88F21549FF800148F47 /* FFManager.h */ = {isa = PBXFileReference; lastKnownFileType = sourcecode.c.h; path = FFManager.h; sourceTree = "<group>"; };
		4F4FA89021549FF800148F47 /* FFManager.m */ = {isa = PBXFileReference; lastKnownFileType = sourcecode.c.objc; path = FFManager.m; sourceTree = "<group>"; };
		4F4FA8952154BDF800148F47 /* NSObject+FFExtension.h */ = {isa = PBXFileReference; lastKnownFileType = sourcecode.c.h; path = "NSObject+FFExtension.h"; sourceTree = "<group>"; };
		4F4FA8962154BDF800148F47 /* NSObject+FFExtension.m */ = {isa = PBXFileReference; lastKnownFileType = sourcecode.c.objc; path = "NSObject+FFExtension.m"; sourceTree = "<group>"; };
		4F4FA8982154BE3200148F47 /* NSString+FFExtension.h */ = {isa = PBXFileReference; lastKnownFileType = sourcecode.c.h; path = "NSString+FFExtension.h"; sourceTree = "<group>"; };
		4F4FA8992154BE3200148F47 /* NSString+FFExtension.m */ = {isa = PBXFileReference; lastKnownFileType = sourcecode.c.objc; path = "NSString+FFExtension.m"; sourceTree = "<group>"; };
		4F4FA89B2154BE4100148F47 /* NSArray+FFExtension.h */ = {isa = PBXFileReference; lastKnownFileType = sourcecode.c.h; path = "NSArray+FFExtension.h"; sourceTree = "<group>"; };
		4F4FA89C2154BE4100148F47 /* NSArray+FFExtension.m */ = {isa = PBXFileReference; lastKnownFileType = sourcecode.c.objc; path = "NSArray+FFExtension.m"; sourceTree = "<group>"; };
		4F4FA89E2154BE4D00148F47 /* NSDictionary+FFExtension.h */ = {isa = PBXFileReference; lastKnownFileType = sourcecode.c.h; path = "NSDictionary+FFExtension.h"; sourceTree = "<group>"; };
		4F4FA89F2154BE4D00148F47 /* NSDictionary+FFExtension.m */ = {isa = PBXFileReference; lastKnownFileType = sourcecode.c.objc; path = "NSDictionary+FFExtension.m"; sourceTree = "<group>"; };
		4F4FA8A12154CF0A00148F47 /* NSObject+methodSwizzle.h */ = {isa = PBXFileReference; lastKnownFileType = sourcecode.c.h; path = "NSObject+methodSwizzle.h"; sourceTree = "<group>"; };
		4F4FA8A22154CF0A00148F47 /* NSObject+methodSwizzle.m */ = {isa = PBXFileReference; lastKnownFileType = sourcecode.c.objc; path = "NSObject+methodSwizzle.m"; sourceTree = "<group>"; };
		4F4FA8A42154D86500148F47 /* SSZTestObject.h */ = {isa = PBXFileReference; lastKnownFileType = sourcecode.c.h; path = SSZTestObject.h; sourceTree = "<group>"; };
		4F4FA8A52154D86500148F47 /* SSZTestObject.m */ = {isa = PBXFileReference; lastKnownFileType = sourcecode.c.objc; path = SSZTestObject.m; sourceTree = "<group>"; };
		4F58AF4B215B862B00DEA3B2 /* FFExceptionProxy.h */ = {isa = PBXFileReference; lastKnownFileType = sourcecode.c.h; path = FFExceptionProxy.h; sourceTree = "<group>"; };
		4F58AF4C215B862B00DEA3B2 /* FFExceptionProxy.m */ = {isa = PBXFileReference; lastKnownFileType = sourcecode.c.objc; path = FFExceptionProxy.m; sourceTree = "<group>"; };
		4F6E8788215A37EF00117AA5 /* NSSet+FFExtension.h */ = {isa = PBXFileReference; lastKnownFileType = sourcecode.c.h; path = "NSSet+FFExtension.h"; sourceTree = "<group>"; };
		4F6E8789215A37EF00117AA5 /* NSSet+FFExtension.m */ = {isa = PBXFileReference; lastKnownFileType = sourcecode.c.objc; path = "NSSet+FFExtension.m"; sourceTree = "<group>"; };
		4F6E878B215A3AC700117AA5 /* NSUserDefaults+FFExtension.h */ = {isa = PBXFileReference; lastKnownFileType = sourcecode.c.h; path = "NSUserDefaults+FFExtension.h"; sourceTree = "<group>"; };
		4F6E878C215A3AC700117AA5 /* NSUserDefaults+FFExtension.m */ = {isa = PBXFileReference; lastKnownFileType = sourcecode.c.objc; path = "NSUserDefaults+FFExtension.m"; sourceTree = "<group>"; };
		4F6E878E215A43AB00117AA5 /* NSCache+FFExtension.h */ = {isa = PBXFileReference; lastKnownFileType = sourcecode.c.h; path = "NSCache+FFExtension.h"; sourceTree = "<group>"; };
		4F6E878F215A43AB00117AA5 /* NSCache+FFExtension.m */ = {isa = PBXFileReference; lastKnownFileType = sourcecode.c.objc; path = "NSCache+FFExtension.m"; sourceTree = "<group>"; };
		4F7E44D22159130200170BA7 /* NSData+FFExtension.h */ = {isa = PBXFileReference; lastKnownFileType = sourcecode.c.h; path = "NSData+FFExtension.h"; sourceTree = "<group>"; };
		4F7E44D32159130200170BA7 /* NSData+FFExtension.m */ = {isa = PBXFileReference; lastKnownFileType = sourcecode.c.objc; path = "NSData+FFExtension.m"; sourceTree = "<group>"; };
		4F9405B7216B0C0800A06625 /* FFCommonMacro.h */ = {isa = PBXFileReference; lastKnownFileType = sourcecode.c.h; path = FFCommonMacro.h; sourceTree = "<group>"; };
		4FA323CE21719CDE00C4C1AD /* NSAttributedString+FFExtension.h */ = {isa = PBXFileReference; lastKnownFileType = sourcecode.c.h; path = "NSAttributedString+FFExtension.h"; sourceTree = "<group>"; };
		4FA323CF21719CDE00C4C1AD /* NSAttributedString+FFExtension.m */ = {isa = PBXFileReference; lastKnownFileType = sourcecode.c.objc; path = "NSAttributedString+FFExtension.m"; sourceTree = "<group>"; };
/* End PBXFileReference section */

/* Begin PBXFrameworksBuildPhase section */
		4F4FA85621549FB400148F47 /* Frameworks */ = {
			isa = PBXFrameworksBuildPhase;
			buildActionMask = 2147483647;
			files = (
			);
			runOnlyForDeploymentPostprocessing = 0;
		};
		4F4FA86E21549FB600148F47 /* Frameworks */ = {
			isa = PBXFrameworksBuildPhase;
			buildActionMask = 2147483647;
			files = (
			);
			runOnlyForDeploymentPostprocessing = 0;
		};
		4F4FA87921549FB600148F47 /* Frameworks */ = {
			isa = PBXFrameworksBuildPhase;
			buildActionMask = 2147483647;
			files = (
			);
			runOnlyForDeploymentPostprocessing = 0;
		};
/* End PBXFrameworksBuildPhase section */

/* Begin PBXGroup section */
		4F4FA85021549FB400148F47 = {
			isa = PBXGroup;
			children = (
				4F4FA85B21549FB400148F47 /* FFExtension */,
				4F4FA87421549FB600148F47 /* FFExtensionTests */,
				4F4FA87F21549FB600148F47 /* FFExtensionUITests */,
				4F4FA85A21549FB400148F47 /* Products */,
			);
			sourceTree = "<group>";
		};
		4F4FA85A21549FB400148F47 /* Products */ = {
			isa = PBXGroup;
			children = (
				4F4FA85921549FB400148F47 /* FFExtension.app */,
				4F4FA87121549FB600148F47 /* FFExtensionTests.xctest */,
				4F4FA87C21549FB600148F47 /* FFExtensionUITests.xctest */,
			);
			name = Products;
			sourceTree = "<group>";
		};
		4F4FA85B21549FB400148F47 /* FFExtension */ = {
			isa = PBXGroup;
			children = (
				4F4FA88E21549FDB00148F47 /* Classes */,
				4F4FA85C21549FB400148F47 /* AppDelegate.h */,
				4F4FA85D21549FB400148F47 /* AppDelegate.m */,
				4F4FA85F21549FB400148F47 /* ViewController.h */,
				4F4FA86021549FB400148F47 /* ViewController.m */,
				4F4FA8A42154D86500148F47 /* SSZTestObject.h */,
				4F4FA8A52154D86500148F47 /* SSZTestObject.m */,
				4F4FA86221549FB400148F47 /* Main.storyboard */,
				4F4FA86521549FB600148F47 /* Assets.xcassets */,
				4F4FA86721549FB600148F47 /* LaunchScreen.storyboard */,
				4F4FA86A21549FB600148F47 /* Info.plist */,
				4F4FA86B21549FB600148F47 /* main.m */,
			);
			path = FFExtension;
			sourceTree = "<group>";
		};
		4F4FA87421549FB600148F47 /* FFExtensionTests */ = {
			isa = PBXGroup;
			children = (
				4F4FA87521549FB600148F47 /* FFExtensionTests.m */,
				4F4FA87721549FB600148F47 /* Info.plist */,
			);
			path = FFExtensionTests;
			sourceTree = "<group>";
		};
		4F4FA87F21549FB600148F47 /* FFExtensionUITests */ = {
			isa = PBXGroup;
			children = (
				4F4FA88021549FB600148F47 /* FFExtensionUITests.m */,
				4F4FA88221549FB600148F47 /* Info.plist */,
			);
			path = FFExtensionUITests;
			sourceTree = "<group>";
		};
		4F4FA88E21549FDB00148F47 /* Classes */ = {
			isa = PBXGroup;
			children = (
				4F4FA88F21549FF800148F47 /* FFManager.h */,
				4F4FA89021549FF800148F47 /* FFManager.m */,
				4F4FA8A12154CF0A00148F47 /* NSObject+methodSwizzle.h */,
				4F4FA8A22154CF0A00148F47 /* NSObject+methodSwizzle.m */,
				4F4FA8952154BDF800148F47 /* NSObject+FFExtension.h */,
				4F4FA8962154BDF800148F47 /* NSObject+FFExtension.m */,
				4F4FA8982154BE3200148F47 /* NSString+FFExtension.h */,
				4F4FA8992154BE3200148F47 /* NSString+FFExtension.m */,
				4F4FA89B2154BE4100148F47 /* NSArray+FFExtension.h */,
				4F4FA89C2154BE4100148F47 /* NSArray+FFExtension.m */,
				4F4FA89E2154BE4D00148F47 /* NSDictionary+FFExtension.h */,
				4F4FA89F2154BE4D00148F47 /* NSDictionary+FFExtension.m */,
				4F7E44D22159130200170BA7 /* NSData+FFExtension.h */,
				4F7E44D32159130200170BA7 /* NSData+FFExtension.m */,
				4F6E8788215A37EF00117AA5 /* NSSet+FFExtension.h */,
				4F6E8789215A37EF00117AA5 /* NSSet+FFExtension.m */,
				4F6E878B215A3AC700117AA5 /* NSUserDefaults+FFExtension.h */,
				4F6E878C215A3AC700117AA5 /* NSUserDefaults+FFExtension.m */,
				4F6E878E215A43AB00117AA5 /* NSCache+FFExtension.h */,
				4F6E878F215A43AB00117AA5 /* NSCache+FFExtension.m */,
				4FA323CE21719CDE00C4C1AD /* NSAttributedString+FFExtension.h */,
				4FA323CF21719CDE00C4C1AD /* NSAttributedString+FFExtension.m */,
				4F58AF4B215B862B00DEA3B2 /* FFExceptionProxy.h */,
				4F58AF4C215B862B00DEA3B2 /* FFExceptionProxy.m */,
				4F9405B7216B0C0800A06625 /* FFCommonMacro.h */,
			);
			path = Classes;
			sourceTree = "<group>";
		};
/* End PBXGroup section */

/* Begin PBXNativeTarget section */
		4F4FA85821549FB400148F47 /* FFExtension */ = {
			isa = PBXNativeTarget;
			buildConfigurationList = 4F4FA88521549FB600148F47 /* Build configuration list for PBXNativeTarget "FFExtension" */;
			buildPhases = (
				4F4FA85521549FB400148F47 /* Sources */,
				4F4FA85621549FB400148F47 /* Frameworks */,
				4F4FA85721549FB400148F47 /* Resources */,
			);
			buildRules = (
			);
			dependencies = (
			);
			name = FFExtension;
			productName = FFExtension;
			productReference = 4F4FA85921549FB400148F47 /* FFExtension.app */;
			productType = "com.apple.product-type.application";
		};
		4F4FA87021549FB600148F47 /* FFExtensionTests */ = {
			isa = PBXNativeTarget;
			buildConfigurationList = 4F4FA88821549FB600148F47 /* Build configuration list for PBXNativeTarget "FFExtensionTests" */;
			buildPhases = (
				4F4FA86D21549FB600148F47 /* Sources */,
				4F4FA86E21549FB600148F47 /* Frameworks */,
				4F4FA86F21549FB600148F47 /* Resources */,
			);
			buildRules = (
			);
			dependencies = (
				4F4FA87321549FB600148F47 /* PBXTargetDependency */,
			);
			name = FFExtensionTests;
			productName = FFExtensionTests;
			productReference = 4F4FA87121549FB600148F47 /* FFExtensionTests.xctest */;
			productType = "com.apple.product-type.bundle.unit-test";
		};
		4F4FA87B21549FB600148F47 /* FFExtensionUITests */ = {
			isa = PBXNativeTarget;
			buildConfigurationList = 4F4FA88B21549FB600148F47 /* Build configuration list for PBXNativeTarget "FFExtensionUITests" */;
			buildPhases = (
				4F4FA87821549FB600148F47 /* Sources */,
				4F4FA87921549FB600148F47 /* Frameworks */,
				4F4FA87A21549FB600148F47 /* Resources */,
			);
			buildRules = (
			);
			dependencies = (
				4F4FA87E21549FB600148F47 /* PBXTargetDependency */,
			);
			name = FFExtensionUITests;
			productName = FFExtensionUITests;
			productReference = 4F4FA87C21549FB600148F47 /* FFExtensionUITests.xctest */;
			productType = "com.apple.product-type.bundle.ui-testing";
		};
/* End PBXNativeTarget section */

/* Begin PBXProject section */
		4F4FA85121549FB400148F47 /* Project object */ = {
			isa = PBXProject;
			attributes = {
				LastUpgradeCheck = 0940;
				ORGANIZATIONNAME = shensz;
				TargetAttributes = {
					4F4FA85821549FB400148F47 = {
						CreatedOnToolsVersion = 9.4;
					};
					4F4FA87021549FB600148F47 = {
						CreatedOnToolsVersion = 9.4;
						TestTargetID = 4F4FA85821549FB400148F47;
					};
					4F4FA87B21549FB600148F47 = {
						CreatedOnToolsVersion = 9.4;
						TestTargetID = 4F4FA85821549FB400148F47;
					};
				};
			};
			buildConfigurationList = 4F4FA85421549FB400148F47 /* Build configuration list for PBXProject "FFExtension" */;
			compatibilityVersion = "Xcode 9.3";
			developmentRegion = en;
			hasScannedForEncodings = 0;
			knownRegions = (
				en,
				Base,
			);
			mainGroup = 4F4FA85021549FB400148F47;
			productRefGroup = 4F4FA85A21549FB400148F47 /* Products */;
			projectDirPath = "";
			projectRoot = "";
			targets = (
				4F4FA85821549FB400148F47 /* FFExtension */,
				4F4FA87021549FB600148F47 /* FFExtensionTests */,
				4F4FA87B21549FB600148F47 /* FFExtensionUITests */,
			);
		};
/* End PBXProject section */

/* Begin PBXResourcesBuildPhase section */
		4F4FA85721549FB400148F47 /* Resources */ = {
			isa = PBXResourcesBuildPhase;
			buildActionMask = 2147483647;
			files = (
				4F4FA86921549FB600148F47 /* LaunchScreen.storyboard in Resources */,
				4F4FA86621549FB600148F47 /* Assets.xcassets in Resources */,
				4F4FA86421549FB400148F47 /* Main.storyboard in Resources */,
			);
			runOnlyForDeploymentPostprocessing = 0;
		};
		4F4FA86F21549FB600148F47 /* Resources */ = {
			isa = PBXResourcesBuildPhase;
			buildActionMask = 2147483647;
			files = (
			);
			runOnlyForDeploymentPostprocessing = 0;
		};
		4F4FA87A21549FB600148F47 /* Resources */ = {
			isa = PBXResourcesBuildPhase;
			buildActionMask = 2147483647;
			files = (
			);
			runOnlyForDeploymentPostprocessing = 0;
		};
/* End PBXResourcesBuildPhase section */

/* Begin PBXSourcesBuildPhase section */
		4F4FA85521549FB400148F47 /* Sources */ = {
			isa = PBXSourcesBuildPhase;
			buildActionMask = 2147483647;
			files = (
				4F7E44D42159130200170BA7 /* NSData+FFExtension.m in Sources */,
				4F4FA8A32154CF0A00148F47 /* NSObject+methodSwizzle.m in Sources */,
				4F4FA8A02154BE4D00148F47 /* NSDictionary+FFExtension.m in Sources */,
				4F4FA86121549FB400148F47 /* ViewController.m in Sources */,
				4F4FA89121549FF800148F47 /* FFManager.m in Sources */,
				4F4FA86C21549FB600148F47 /* main.m in Sources */,
				4F4FA8A62154D86500148F47 /* SSZTestObject.m in Sources */,
				4F4FA85E21549FB400148F47 /* AppDelegate.m in Sources */,
				4F4FA8972154BDF800148F47 /* NSObject+FFExtension.m in Sources */,
				4F4FA89D2154BE4100148F47 /* NSArray+FFExtension.m in Sources */,
				4F4FA89A2154BE3200148F47 /* NSString+FFExtension.m in Sources */,
				4F58AF4D215B862B00DEA3B2 /* FFExceptionProxy.m in Sources */,
				4F6E878A215A37EF00117AA5 /* NSSet+FFExtension.m in Sources */,
				4F6E878D215A3AC700117AA5 /* NSUserDefaults+FFExtension.m in Sources */,
				4FA323D021719CDE00C4C1AD /* NSAttributedString+FFExtension.m in Sources */,
				4F6E8790215A43AB00117AA5 /* NSCache+FFExtension.m in Sources */,
			);
			runOnlyForDeploymentPostprocessing = 0;
		};
		4F4FA86D21549FB600148F47 /* Sources */ = {
			isa = PBXSourcesBuildPhase;
			buildActionMask = 2147483647;
			files = (
				4F4FA87621549FB600148F47 /* FFExtensionTests.m in Sources */,
			);
			runOnlyForDeploymentPostprocessing = 0;
		};
		4F4FA87821549FB600148F47 /* Sources */ = {
			isa = PBXSourcesBuildPhase;
			buildActionMask = 2147483647;
			files = (
				4F4FA88121549FB600148F47 /* FFExtensionUITests.m in Sources */,
			);
			runOnlyForDeploymentPostprocessing = 0;
		};
/* End PBXSourcesBuildPhase section */

/* Begin PBXTargetDependency section */
		4F4FA87321549FB600148F47 /* PBXTargetDependency */ = {
			isa = PBXTargetDependency;
			target = 4F4FA85821549FB400148F47 /* FFExtension */;
			targetProxy = 4F4FA87221549FB600148F47 /* PBXContainerItemProxy */;
		};
		4F4FA87E21549FB600148F47 /* PBXTargetDependency */ = {
			isa = PBXTargetDependency;
			target = 4F4FA85821549FB400148F47 /* FFExtension */;
			targetProxy = 4F4FA87D21549FB600148F47 /* PBXContainerItemProxy */;
		};
/* End PBXTargetDependency section */

/* Begin PBXVariantGroup section */
		4F4FA86221549FB400148F47 /* Main.storyboard */ = {
			isa = PBXVariantGroup;
			children = (
				4F4FA86321549FB400148F47 /* Base */,
			);
			name = Main.storyboard;
			sourceTree = "<group>";
		};
		4F4FA86721549FB600148F47 /* LaunchScreen.storyboard */ = {
			isa = PBXVariantGroup;
			children = (
				4F4FA86821549FB600148F47 /* Base */,
			);
			name = LaunchScreen.storyboard;
			sourceTree = "<group>";
		};
/* End PBXVariantGroup section */

/* Begin XCBuildConfiguration section */
		4F4FA88321549FB600148F47 /* Debug */ = {
			isa = XCBuildConfiguration;
			buildSettings = {
				ALWAYS_SEARCH_USER_PATHS = NO;
				CLANG_ANALYZER_NONNULL = YES;
				CLANG_ANALYZER_NUMBER_OBJECT_CONVERSION = YES_AGGRESSIVE;
				CLANG_CXX_LANGUAGE_STANDARD = "gnu++14";
				CLANG_CXX_LIBRARY = "libc++";
				CLANG_ENABLE_MODULES = YES;
				CLANG_ENABLE_OBJC_ARC = YES;
				CLANG_ENABLE_OBJC_WEAK = YES;
				CLANG_WARN_BLOCK_CAPTURE_AUTORELEASING = YES;
				CLANG_WARN_BOOL_CONVERSION = YES;
				CLANG_WARN_COMMA = YES;
				CLANG_WARN_CONSTANT_CONVERSION = YES;
				CLANG_WARN_DEPRECATED_OBJC_IMPLEMENTATIONS = YES;
				CLANG_WARN_DIRECT_OBJC_ISA_USAGE = YES_ERROR;
				CLANG_WARN_DOCUMENTATION_COMMENTS = YES;
				CLANG_WARN_EMPTY_BODY = YES;
				CLANG_WARN_ENUM_CONVERSION = YES;
				CLANG_WARN_INFINITE_RECURSION = YES;
				CLANG_WARN_INT_CONVERSION = YES;
				CLANG_WARN_NON_LITERAL_NULL_CONVERSION = YES;
				CLANG_WARN_OBJC_IMPLICIT_RETAIN_SELF = YES;
				CLANG_WARN_OBJC_LITERAL_CONVERSION = YES;
				CLANG_WARN_OBJC_ROOT_CLASS = YES_ERROR;
				CLANG_WARN_RANGE_LOOP_ANALYSIS = YES;
				CLANG_WARN_STRICT_PROTOTYPES = YES;
				CLANG_WARN_SUSPICIOUS_MOVE = YES;
				CLANG_WARN_UNGUARDED_AVAILABILITY = YES_AGGRESSIVE;
				CLANG_WARN_UNREACHABLE_CODE = YES;
				CLANG_WARN__DUPLICATE_METHOD_MATCH = YES;
				CODE_SIGN_IDENTITY = "iPhone Developer";
				COPY_PHASE_STRIP = NO;
				DEBUG_INFORMATION_FORMAT = dwarf;
				ENABLE_STRICT_OBJC_MSGSEND = YES;
				ENABLE_TESTABILITY = YES;
				GCC_C_LANGUAGE_STANDARD = gnu11;
				GCC_DYNAMIC_NO_PIC = NO;
				GCC_NO_COMMON_BLOCKS = YES;
				GCC_OPTIMIZATION_LEVEL = 0;
				GCC_PREPROCESSOR_DEFINITIONS = (
					"DEBUG=1",
					"$(inherited)",
				);
				GCC_WARN_64_TO_32_BIT_CONVERSION = YES;
				GCC_WARN_ABOUT_RETURN_TYPE = YES_ERROR;
				GCC_WARN_UNDECLARED_SELECTOR = YES;
				GCC_WARN_UNINITIALIZED_AUTOS = YES_AGGRESSIVE;
				GCC_WARN_UNUSED_FUNCTION = YES;
				GCC_WARN_UNUSED_VARIABLE = YES;
				IPHONEOS_DEPLOYMENT_TARGET = 8.0;
				MTL_ENABLE_DEBUG_INFO = YES;
				ONLY_ACTIVE_ARCH = YES;
				SDKROOT = iphoneos;
			};
			name = Debug;
		};
		4F4FA88421549FB600148F47 /* Release */ = {
			isa = XCBuildConfiguration;
			buildSettings = {
				ALWAYS_SEARCH_USER_PATHS = NO;
				CLANG_ANALYZER_NONNULL = YES;
				CLANG_ANALYZER_NUMBER_OBJECT_CONVERSION = YES_AGGRESSIVE;
				CLANG_CXX_LANGUAGE_STANDARD = "gnu++14";
				CLANG_CXX_LIBRARY = "libc++";
				CLANG_ENABLE_MODULES = YES;
				CLANG_ENABLE_OBJC_ARC = YES;
				CLANG_ENABLE_OBJC_WEAK = YES;
				CLANG_WARN_BLOCK_CAPTURE_AUTORELEASING = YES;
				CLANG_WARN_BOOL_CONVERSION = YES;
				CLANG_WARN_COMMA = YES;
				CLANG_WARN_CONSTANT_CONVERSION = YES;
				CLANG_WARN_DEPRECATED_OBJC_IMPLEMENTATIONS = YES;
				CLANG_WARN_DIRECT_OBJC_ISA_USAGE = YES_ERROR;
				CLANG_WARN_DOCUMENTATION_COMMENTS = YES;
				CLANG_WARN_EMPTY_BODY = YES;
				CLANG_WARN_ENUM_CONVERSION = YES;
				CLANG_WARN_INFINITE_RECURSION = YES;
				CLANG_WARN_INT_CONVERSION = YES;
				CLANG_WARN_NON_LITERAL_NULL_CONVERSION = YES;
				CLANG_WARN_OBJC_IMPLICIT_RETAIN_SELF = YES;
				CLANG_WARN_OBJC_LITERAL_CONVERSION = YES;
				CLANG_WARN_OBJC_ROOT_CLASS = YES_ERROR;
				CLANG_WARN_RANGE_LOOP_ANALYSIS = YES;
				CLANG_WARN_STRICT_PROTOTYPES = YES;
				CLANG_WARN_SUSPICIOUS_MOVE = YES;
				CLANG_WARN_UNGUARDED_AVAILABILITY = YES_AGGRESSIVE;
				CLANG_WARN_UNREACHABLE_CODE = YES;
				CLANG_WARN__DUPLICATE_METHOD_MATCH = YES;
				CODE_SIGN_IDENTITY = "iPhone Developer";
				COPY_PHASE_STRIP = NO;
				DEBUG_INFORMATION_FORMAT = "dwarf-with-dsym";
				ENABLE_NS_ASSERTIONS = NO;
				ENABLE_STRICT_OBJC_MSGSEND = YES;
				GCC_C_LANGUAGE_STANDARD = gnu11;
				GCC_NO_COMMON_BLOCKS = YES;
				GCC_WARN_64_TO_32_BIT_CONVERSION = YES;
				GCC_WARN_ABOUT_RETURN_TYPE = YES_ERROR;
				GCC_WARN_UNDECLARED_SELECTOR = YES;
				GCC_WARN_UNINITIALIZED_AUTOS = YES_AGGRESSIVE;
				GCC_WARN_UNUSED_FUNCTION = YES;
				GCC_WARN_UNUSED_VARIABLE = YES;
				IPHONEOS_DEPLOYMENT_TARGET = 8.0;
				MTL_ENABLE_DEBUG_INFO = NO;
				SDKROOT = iphoneos;
				VALIDATE_PRODUCT = YES;
			};
			name = Release;
		};
		4F4FA88621549FB600148F47 /* Debug */ = {
			isa = XCBuildConfiguration;
			buildSettings = {
				ASSETCATALOG_COMPILER_APPICON_NAME = AppIcon;
				CODE_SIGN_STYLE = Automatic;
				DEVELOPMENT_TEAM = W9AD932V2V;
				INFOPLIST_FILE = FFExtension/Info.plist;
				LD_RUNPATH_SEARCH_PATHS = (
					"$(inherited)",
					"@executable_path/Frameworks",
				);
				PRODUCT_BUNDLE_IDENTIFIER = shensz.FFExtension;
				PRODUCT_NAME = "$(TARGET_NAME)";
				TARGETED_DEVICE_FAMILY = "1,2";
			};
			name = Debug;
		};
		4F4FA88721549FB600148F47 /* Release */ = {
			isa = XCBuildConfiguration;
			buildSettings = {
				ASSETCATALOG_COMPILER_APPICON_NAME = AppIcon;
				CODE_SIGN_STYLE = Automatic;
				DEVELOPMENT_TEAM = W9AD932V2V;
				INFOPLIST_FILE = FFExtension/Info.plist;
				LD_RUNPATH_SEARCH_PATHS = (
					"$(inherited)",
					"@executable_path/Frameworks",
				);
				PRODUCT_BUNDLE_IDENTIFIER = shensz.FFExtension;
				PRODUCT_NAME = "$(TARGET_NAME)";
				TARGETED_DEVICE_FAMILY = "1,2";
			};
			name = Release;
		};
		4F4FA88921549FB600148F47 /* Debug */ = {
			isa = XCBuildConfiguration;
			buildSettings = {
				BUNDLE_LOADER = "$(TEST_HOST)";
				CODE_SIGN_STYLE = Automatic;
				DEVELOPMENT_TEAM = 6L3KQW29EM;
				INFOPLIST_FILE = FFExtensionTests/Info.plist;
				LD_RUNPATH_SEARCH_PATHS = (
					"$(inherited)",
					"@executable_path/Frameworks",
					"@loader_path/Frameworks",
				);
				PRODUCT_BUNDLE_IDENTIFIER = shensz.FFExtensionTests;
				PRODUCT_NAME = "$(TARGET_NAME)";
				TARGETED_DEVICE_FAMILY = "1,2";
				TEST_HOST = "$(BUILT_PRODUCTS_DIR)/FFExtension.app/FFExtension";
			};
			name = Debug;
		};
		4F4FA88A21549FB600148F47 /* Release */ = {
			isa = XCBuildConfiguration;
			buildSettings = {
				BUNDLE_LOADER = "$(TEST_HOST)";
				CODE_SIGN_STYLE = Automatic;
				DEVELOPMENT_TEAM = 6L3KQW29EM;
				INFOPLIST_FILE = FFExtensionTests/Info.plist;
				LD_RUNPATH_SEARCH_PATHS = (
					"$(inherited)",
					"@executable_path/Frameworks",
					"@loader_path/Frameworks",
				);
				PRODUCT_BUNDLE_IDENTIFIER = shensz.FFExtensionTests;
				PRODUCT_NAME = "$(TARGET_NAME)";
				TARGETED_DEVICE_FAMILY = "1,2";
				TEST_HOST = "$(BUILT_PRODUCTS_DIR)/FFExtension.app/FFExtension";
			};
			name = Release;
		};
		4F4FA88C21549FB600148F47 /* Debug */ = {
			isa = XCBuildConfiguration;
			buildSettings = {
				CODE_SIGN_STYLE = Automatic;
				DEVELOPMENT_TEAM = 6L3KQW29EM;
				INFOPLIST_FILE = FFExtensionUITests/Info.plist;
				LD_RUNPATH_SEARCH_PATHS = (
					"$(inherited)",
					"@executable_path/Frameworks",
					"@loader_path/Frameworks",
				);
				PRODUCT_BUNDLE_IDENTIFIER = shensz.FFExtensionUITests;
				PRODUCT_NAME = "$(TARGET_NAME)";
				TARGETED_DEVICE_FAMILY = "1,2";
				TEST_TARGET_NAME = FFExtension;
			};
			name = Debug;
		};
		4F4FA88D21549FB600148F47 /* Release */ = {
			isa = XCBuildConfiguration;
			buildSettings = {
				CODE_SIGN_STYLE = Automatic;
				DEVELOPMENT_TEAM = 6L3KQW29EM;
				INFOPLIST_FILE = FFExtensionUITests/Info.plist;
				LD_RUNPATH_SEARCH_PATHS = (
					"$(inherited)",
					"@executable_path/Frameworks",
					"@loader_path/Frameworks",
				);
				PRODUCT_BUNDLE_IDENTIFIER = shensz.FFExtensionUITests;
				PRODUCT_NAME = "$(TARGET_NAME)";
				TARGETED_DEVICE_FAMILY = "1,2";
				TEST_TARGET_NAME = FFExtension;
			};
			name = Release;
		};
/* End XCBuildConfiguration section */

/* Begin XCConfigurationList section */
		4F4FA85421549FB400148F47 /* Build configuration list for PBXProject "FFExtension" */ = {
			isa = XCConfigurationList;
			buildConfigurations = (
				4F4FA88321549FB600148F47 /* Debug */,
				4F4FA88421549FB600148F47 /* Release */,
			);
			defaultConfigurationIsVisible = 0;
			defaultConfigurationName = Release;
		};
		4F4FA88521549FB600148F47 /* Build configuration list for PBXNativeTarget "FFExtension" */ = {
			isa = XCConfigurationList;
			buildConfigurations = (
				4F4FA88621549FB600148F47 /* Debug */,
				4F4FA88721549FB600148F47 /* Release */,
			);
			defaultConfigurationIsVisible = 0;
			defaultConfigurationName = Release;
		};
		4F4FA88821549FB600148F47 /* Build configuration list for PBXNativeTarget "FFExtensionTests" */ = {
			isa = XCConfigurationList;
			buildConfigurations = (
				4F4FA88921549FB600148F47 /* Debug */,
				4F4FA88A21549FB600148F47 /* Release */,
			);
			defaultConfigurationIsVisible = 0;
			defaultConfigurationName = Release;
		};
		4F4FA88B21549FB600148F47 /* Build configuration list for PBXNativeTarget "FFExtensionUITests" */ = {
			isa = XCConfigurationList;
			buildConfigurations = (
				4F4FA88C21549FB600148F47 /* Debug */,
				4F4FA88D21549FB600148F47 /* Release */,
			);
			defaultConfigurationIsVisible = 0;
			defaultConfigurationName = Release;
		};
/* End XCConfigurationList section */
	};
	rootObject = 4F4FA85121549FB400148F47 /* Project object */;
}
